
Microsoft Visual Studio Solution File, Format Version 12.00
# Visual Studio Version 17
VisualStudioVersion = 17.9.34714.143
MinimumVisualStudioVersion = 10.0.40219.1
Project("{9A19103F-16F7-4668-BE54-9A1E7A4F7556}") = "MachineTest", "MachineTest\MachineTest.csproj", "{11B80C57-7F8D-4BDE-AC67-EE3C3287CB11}"
EndProject
Global
	GlobalSection(SolutionConfigurationPlatforms) = preSolution
		Debug|Any CPU = Debug|Any CPU
		Release|Any CPU = Release|Any CPU
	EndGlobalSection
	GlobalSection(ProjectConfigurationPlatforms) = postSolution
		{11B80C57-7F8D-4BDE-AC67-EE3C3287CB11}.Debug|Any CPU.ActiveCfg = Debug|Any CPU
		{11B80C57-7F8D-4BDE-AC67-EE3C3287CB11}.Debug|Any CPU.Build.0 = Debug|Any CPU
		{11B80C57-7F8D-4BDE-AC67-EE3C3287CB11}.Release|Any CPU.ActiveCfg = Release|Any CPU
		{11B80C57-7F8D-4BDE-AC67-EE3C3287CB11}.Release|Any CPU.Build.0 = Release|Any CPU
	EndGlobalSection
	GlobalSection(SolutionProperties) = preSolution
		HideSolutionNode = FALSE
	EndGlobalSection
	GlobalSection(ExtensibilityGlobals) = postSolution
		SolutionGuid = {B5644BB4-170C-4938-AC04-2DF846BD9D81}
	EndGlobalSection
EndGlobal
